// !$*UTF8*$!
{
	archiveVersion = 1;
	classes = {
	};
	objectVersion = 50;
	objects = {

/* Begin PBXBuildFile section */
		CBC409D625B0D0C600E52F55 /* AppDelegate.swift in Sources */ = {isa = PBXBuildFile; fileRef = CBC409D525B0D0C600E52F55 /* AppDelegate.swift */; };
		CBC409D825B0D0C600E52F55 /* SceneDelegate.swift in Sources */ = {isa = PBXBuildFile; fileRef = CBC409D725B0D0C600E52F55 /* SceneDelegate.swift */; };
		CBC409DA25B0D0C600E52F55 /* ViewController.swift in Sources */ = {isa = PBXBuildFile; fileRef = CBC409D925B0D0C600E52F55 /* ViewController.swift */; };
		CBC409DD25B0D0C600E52F55 /* Main.storyboard in Resources */ = {isa = PBXBuildFile; fileRef = CBC409DB25B0D0C600E52F55 /* Main.storyboard */; };
		CBC409DF25B0D0CE00E52F55 /* Assets.xcassets in Resources */ = {isa = PBXBuildFile; fileRef = CBC409DE25B0D0CE00E52F55 /* Assets.xcassets */; };
		CBC409E225B0D0CE00E52F55 /* LaunchScreen.storyboard in Resources */ = {isa = PBXBuildFile; fileRef = CBC409E025B0D0CE00E52F55 /* LaunchScreen.storyboard */; };
		CBC409ED25B0D0CE00E52F55 /* PreworkTests.swift in Sources */ = {isa = PBXBuildFile; fileRef = CBC409EC25B0D0CE00E52F55 /* PreworkTests.swift */; };
		CBC409F825B0D0CE00E52F55 /* PreworkUITests.swift in Sources */ = {isa = PBXBuildFile; fileRef = CBC409F725B0D0CE00E52F55 /* PreworkUITests.swift */; };
/* End PBXBuildFile section */

/* Begin PBXContainerItemProxy section */
		CBC409E925B0D0CE00E52F55 /* PBXContainerItemProxy */ = {
			isa = PBXContainerItemProxy;
			containerPortal = CBC409CA25B0D0C500E52F55 /* Project object */;
			proxyType = 1;
			remoteGlobalIDString = CBC409D125B0D0C500E52F55;
			remoteInfo = Prework;
		};
		CBC409F425B0D0CE00E52F55 /* PBXContainerItemProxy */ = {
			isa = PBXContainerItemProxy;
			containerPortal = CBC409CA25B0D0C500E52F55 /* Project object */;
			proxyType = 1;
			remoteGlobalIDString = CBC409D125B0D0C500E52F55;
			remoteInfo = Prework;
		};
/* End PBXContainerItemProxy section */

/* Begin PBXFileReference section */
		CBC409D225B0D0C600E52F55 /* Prework.app */ = {isa = PBXFileReference; explicitFileType = wrapper.application; includeInIndex = 0; path = Prework.app; sourceTree = BUILT_PRODUCTS_DIR; };
		CBC409D525B0D0C600E52F55 /* AppDelegate.swift */ = {isa = PBXFileReference; lastKnownFileType = sourcecode.swift; path = AppDelegate.swift; sourceTree = "<group>"; };
		CBC409D725B0D0C600E52F55 /* SceneDelegate.swift */ = {isa = PBXFileReference; lastKnownFileType = sourcecode.swift; path = SceneDelegate.swift; sourceTree = "<group>"; };
		CBC409D925B0D0C600E52F55 /* ViewController.swift */ = {isa = PBXFileReference; lastKnownFileType = sourcecode.swift; path = ViewController.swift; sourceTree = "<group>"; };
		CBC409DC25B0D0C600E52F55 /* Base */ = {isa = PBXFileReference; lastKnownFileType = file.storyboard; name = Base; path = Base.lproj/Main.storyboard; sourceTree = "<group>"; };
		CBC409DE25B0D0CE00E52F55 /* Assets.xcassets */ = {isa = PBXFileReference; lastKnownFileType = folder.assetcatalog; path = Assets.xcassets; sourceTree = "<group>"; };
		CBC409E125B0D0CE00E52F55 /* Base */ = {isa = PBXFileReference; lastKnownFileType = file.storyboard; name = Base; path = Base.lproj/LaunchScreen.storyboard; sourceTree = "<group>"; };
		CBC409E325B0D0CE00E52F55 /* Info.plist */ = {isa = PBXFileReference; lastKnownFileType = text.plist.xml; path = Info.plist; sourceTree = "<group>"; };
		CBC409E825B0D0CE00E52F55 /* PreworkTests.xctest */ = {isa = PBXFileReference; explicitFileType = wrapper.cfbundle; includeInIndex = 0; path = PreworkTests.xctest; sourceTree = BUILT_PRODUCTS_DIR; };
		CBC409EC25B0D0CE00E52F55 /* PreworkTests.swift */ = {isa = PBXFileReference; lastKnownFileType = sourcecode.swift; path = PreworkTests.swift; sourceTree = "<group>"; };
		CBC409EE25B0D0CE00E52F55 /* Info.plist */ = {isa = PBXFileReference; lastKnownFileType = text.plist.xml; path = Info.plist; sourceTree = "<group>"; };
		CBC409F325B0D0CE00E52F55 /* PreworkUITests.xctest */ = {isa = PBXFileReference; explicitFileType = wrapper.cfbundle; includeInIndex = 0; path = PreworkUITests.xctest; sourceTree = BUILT_PRODUCTS_DIR; };
		CBC409F725B0D0CE00E52F55 /* PreworkUITests.swift */ = {isa = PBXFileReference; lastKnownFileType = sourcecode.swift; path = PreworkUITests.swift; sourceTree = "<group>"; };
		CBC409F925B0D0CE00E52F55 /* Info.plist */ = {isa = PBXFileReference; lastKnownFileType = text.plist.xml; path = Info.plist; sourceTree = "<group>"; };
/* End PBXFileReference section */

/* Begin PBXFrameworksBuildPhase section */
		CBC409CF25B0D0C500E52F55 /* Frameworks */ = {
			isa = PBXFrameworksBuildPhase;
			buildActionMask = 2147483647;
			files = (
			);
			runOnlyForDeploymentPostprocessing = 0;
		};
		CBC409E525B0D0CE00E52F55 /* Frameworks */ = {
			isa = PBXFrameworksBuildPhase;
			buildActionMask = 2147483647;
			files = (
			);
			runOnlyForDeploymentPostprocessing = 0;
		};
		CBC409F025B0D0CE00E52F55 /* Frameworks */ = {
			isa = PBXFrameworksBuildPhase;
			buildActionMask = 2147483647;
			files = (
			);
			runOnlyForDeploymentPostprocessing = 0;
		};
/* End PBXFrameworksBuildPhase section */

/* Begin PBXGroup section */
		CBC409C925B0D0C500E52F55 = {
			isa = PBXGroup;
			children = (
				CBC409D425B0D0C600E52F55 /* Prework */,
				CBC409EB25B0D0CE00E52F55 /* PreworkTests */,
				CBC409F625B0D0CE00E52F55 /* PreworkUITests */,
				CBC409D325B0D0C600E52F55 /* Products */,
			);
			sourceTree = "<group>";
		};
		CBC409D325B0D0C600E52F55 /* Products */ = {
			isa = PBXGroup;
			children = (
				CBC409D225B0D0C600E52F55 /* Prework.app */,
				CBC409E825B0D0CE00E52F55 /* PreworkTests.xctest */,
				CBC409F325B0D0CE00E52F55 /* PreworkUITests.xctest */,
			);
			name = Products;
			sourceTree = "<group>";
		};
		CBC409D425B0D0C600E52F55 /* Prework */ = {
			isa = PBXGroup;
			children = (
				CBC409D525B0D0C600E52F55 /* AppDelegate.swift */,
				CBC409D725B0D0C600E52F55 /* SceneDelegate.swift */,
				CBC409D925B0D0C600E52F55 /* ViewController.swift */,
				CBC409DB25B0D0C600E52F55 /* Main.storyboard */,
				CBC409DE25B0D0CE00E52F55 /* Assets.xcassets */,
				CBC409E025B0D0CE00E52F55 /* LaunchScreen.storyboard */,
				CBC409E325B0D0CE00E52F55 /* Info.plist */,
			);
			path = Prework;
			sourceTree = "<group>";
		};
		CBC409EB25B0D0CE00E52F55 /* PreworkTests */ = {
			isa = PBXGroup;
			children = (
				CBC409EC25B0D0CE00E52F55 /* PreworkTests.swift */,
				CBC409EE25B0D0CE00E52F55 /* Info.plist */,
			);
			path = PreworkTests;
			sourceTree = "<group>";
		};
		CBC409F625B0D0CE00E52F55 /* PreworkUITests */ = {
			isa = PBXGroup;
			children = (
				CBC409F725B0D0CE00E52F55 /* PreworkUITests.swift */,
				CBC409F925B0D0CE00E52F55 /* Info.plist */,
			);
			path = PreworkUITests;
			sourceTree = "<group>";
		};
/* End PBXGroup section */

/* Begin PBXNativeTarget section */
		CBC409D125B0D0C500E52F55 /* Prework */ = {
			isa = PBXNativeTarget;
			buildConfigurationList = CBC409FC25B0D0CE00E52F55 /* Build configuration list for PBXNativeTarget "Prework" */;
			buildPhases = (
				CBC409CE25B0D0C500E52F55 /* Sources */,
				CBC409CF25B0D0C500E52F55 /* Frameworks */,
				CBC409D025B0D0C500E52F55 /* Resources */,
			);
			buildRules = (
			);
			dependencies = (
			);
			name = Prework;
			productName = Prework;
			productReference = CBC409D225B0D0C600E52F55 /* Prework.app */;
			productType = "com.apple.product-type.application";
		};
		CBC409E725B0D0CE00E52F55 /* PreworkTests */ = {
			isa = PBXNativeTarget;
			buildConfigurationList = CBC409FF25B0D0CE00E52F55 /* Build configuration list for PBXNativeTarget "PreworkTests" */;
			buildPhases = (
				CBC409E425B0D0CE00E52F55 /* Sources */,
				CBC409E525B0D0CE00E52F55 /* Frameworks */,
				CBC409E625B0D0CE00E52F55 /* Resources */,
			);
			buildRules = (
			);
			dependencies = (
				CBC409EA25B0D0CE00E52F55 /* PBXTargetDependency */,
			);
			name = PreworkTests;
			productName = PreworkTests;
			productReference = CBC409E825B0D0CE00E52F55 /* PreworkTests.xctest */;
			productType = "com.apple.product-type.bundle.unit-test";
		};
		CBC409F225B0D0CE00E52F55 /* PreworkUITests */ = {
			isa = PBXNativeTarget;
			buildConfigurationList = CBC40A0225B0D0CE00E52F55 /* Build configuration list for PBXNativeTarget "PreworkUITests" */;
			buildPhases = (
				CBC409EF25B0D0CE00E52F55 /* Sources */,
				CBC409F025B0D0CE00E52F55 /* Frameworks */,
				CBC409F125B0D0CE00E52F55 /* Resources */,
			);
			buildRules = (
			);
			dependencies = (
				CBC409F525B0D0CE00E52F55 /* PBXTargetDependency */,
			);
			name = PreworkUITests;
			productName = PreworkUITests;
			productReference = CBC409F325B0D0CE00E52F55 /* PreworkUITests.xctest */;
			productType = "com.apple.product-type.bundle.ui-testing";
		};
/* End PBXNativeTarget section */

/* Begin PBXProject section */
		CBC409CA25B0D0C500E52F55 /* Project object */ = {
			isa = PBXProject;
			attributes = {
				LastSwiftUpdateCheck = 1230;
				LastUpgradeCheck = 1230;
				TargetAttributes = {
					CBC409D125B0D0C500E52F55 = {
						CreatedOnToolsVersion = 12.3;
					};
					CBC409E725B0D0CE00E52F55 = {
						CreatedOnToolsVersion = 12.3;
						TestTargetID = CBC409D125B0D0C500E52F55;
					};
					CBC409F225B0D0CE00E52F55 = {
						CreatedOnToolsVersion = 12.3;
						TestTargetID = CBC409D125B0D0C500E52F55;
					};
				};
			};
			buildConfigurationList = CBC409CD25B0D0C500E52F55 /* Build configuration list for PBXProject "Prework" */;
			compatibilityVersion = "Xcode 9.3";
			developmentRegion = en;
			hasScannedForEncodings = 0;
			knownRegions = (
				en,
				Base,
			);
			mainGroup = CBC409C925B0D0C500E52F55;
			productRefGroup = CBC409D325B0D0C600E52F55 /* Products */;
			projectDirPath = "";
			projectRoot = "";
			targets = (
				CBC409D125B0D0C500E52F55 /* Prework */,
				CBC409E725B0D0CE00E52F55 /* PreworkTests */,
				CBC409F225B0D0CE00E52F55 /* PreworkUITests */,
			);
		};
/* End PBXProject section */

/* Begin PBXResourcesBuildPhase section */
		CBC409D025B0D0C500E52F55 /* Resources */ = {
			isa = PBXResourcesBuildPhase;
			buildActionMask = 2147483647;
			files = (
				CBC409E225B0D0CE00E52F55 /* LaunchScreen.storyboard in Resources */,
				CBC409DF25B0D0CE00E52F55 /* Assets.xcassets in Resources */,
				CBC409DD25B0D0C600E52F55 /* Main.storyboard in Resources */,
			);
			runOnlyForDeploymentPostprocessing = 0;
		};
		CBC409E625B0D0CE00E52F55 /* Resources */ = {
			isa = PBXResourcesBuildPhase;
			buildActionMask = 2147483647;
			files = (
			);
			runOnlyForDeploymentPostprocessing = 0;
		};
		CBC409F125B0D0CE00E52F55 /* Resources */ = {
			isa = PBXResourcesBuildPhase;
			buildActionMask = 2147483647;
			files = (
			);
			runOnlyForDeploymentPostprocessing = 0;
		};
/* End PBXResourcesBuildPhase section */

/* Begin PBXSourcesBuildPhase section */
		CBC409CE25B0D0C500E52F55 /* Sources */ = {
			isa = PBXSourcesBuildPhase;
			buildActionMask = 2147483647;
			files = (
				CBC409DA25B0D0C600E52F55 /* ViewController.swift in Sources */,
				CBC409D625B0D0C600E52F55 /* AppDelegate.swift in Sources */,
				CBC409D825B0D0C600E52F55 /* SceneDelegate.swift in Sources */,
			);
			runOnlyForDeploymentPostprocessing = 0;
		};
		CBC409E425B0D0CE00E52F55 /* Sources */ = {
			isa = PBXSourcesBuildPhase;
			buildActionMask = 2147483647;
			files = (
				CBC409ED25B0D0CE00E52F55 /* PreworkTests.swift in Sources */,
			);
			runOnlyForDeploymentPostprocessing = 0;
		};
		CBC409EF25B0D0CE00E52F55 /* Sources */ = {
			isa = PBXSourcesBuildPhase;
			buildActionMask = 2147483647;
			files = (
				CBC409F825B0D0CE00E52F55 /* PreworkUITests.swift in Sources */,
			);
			runOnlyForDeploymentPostprocessing = 0;
		};
/* End PBXSourcesBuildPhase section */

/* Begin PBXTargetDependency section */
		CBC409EA25B0D0CE00E52F55 /* PBXTargetDependency */ = {
			isa = PBXTargetDependency;
			target = CBC409D125B0D0C500E52F55 /* Prework */;
			targetProxy = CBC409E925B0D0CE00E52F55 /* PBXContainerItemProxy */;
		};
		CBC409F525B0D0CE00E52F55 /* PBXTargetDependency */ = {
			isa = PBXTargetDependency;
			target = CBC409D125B0D0C500E52F55 /* Prework */;
			targetProxy = CBC409F425B0D0CE00E52F55 /* PBXContainerItemProxy */;
		};
/* End PBXTargetDependency section */

/* Begin PBXVariantGroup section */
		CBC409DB25B0D0C600E52F55 /* Main.storyboard */ = {
			isa = PBXVariantGroup;
			children = (
				CBC409DC25B0D0C600E52F55 /* Base */,
			);
			name = Main.storyboard;
			sourceTree = "<group>";
		};
		CBC409E025B0D0CE00E52F55 /* LaunchScreen.storyboard */ = {
			isa = PBXVariantGroup;
			children = (
				CBC409E125B0D0CE00E52F55 /* Base */,
			);
			name = LaunchScreen.storyboard;
			sourceTree = "<group>";
		};
/* End PBXVariantGroup section */

/* Begin XCBuildConfiguration section */
		CBC409FA25B0D0CE00E52F55 /* Debug */ = {
			isa = XCBuildConfiguration;
			buildSettings = {
				ALWAYS_SEARCH_USER_PATHS = NO;
				CLANG_ANALYZER_NONNULL = YES;
				CLANG_ANALYZER_NUMBER_OBJECT_CONVERSION = YES_AGGRESSIVE;
				CLANG_CXX_LANGUAGE_STANDARD = "gnu++14";
				CLANG_CXX_LIBRARY = "libc++";
				CLANG_ENABLE_MODULES = YES;
				CLANG_ENABLE_OBJC_ARC = YES;
				CLANG_ENABLE_OBJC_WEAK = YES;
				CLANG_WARN_BLOCK_CAPTURE_AUTORELEASING = YES;
				CLANG_WARN_BOOL_CONVERSION = YES;
				CLANG_WARN_COMMA = YES;
				CLANG_WARN_CONSTANT_CONVERSION = YES;
				CLANG_WARN_DEPRECATED_OBJC_IMPLEMENTATIONS = YES;
				CLANG_WARN_DIRECT_OBJC_ISA_USAGE = YES_ERROR;
				CLANG_WARN_DOCUMENTATION_COMMENTS = YES;
				CLANG_WARN_EMPTY_BODY = YES;
				CLANG_WARN_ENUM_CONVERSION = YES;
				CLANG_WARN_INFINITE_RECURSION = YES;
				CLANG_WARN_INT_CONVERSION = YES;
				CLANG_WARN_NON_LITERAL_NULL_CONVERSION = YES;
				CLANG_WARN_OBJC_IMPLICIT_RETAIN_SELF = YES;
				CLANG_WARN_OBJC_LITERAL_CONVERSION = YES;
				CLANG_WARN_OBJC_ROOT_CLASS = YES_ERROR;
				CLANG_WARN_QUOTED_INCLUDE_IN_FRAMEWORK_HEADER = YES;
				CLANG_WARN_RANGE_LOOP_ANALYSIS = YES;
				CLANG_WARN_STRICT_PROTOTYPES = YES;
				CLANG_WARN_SUSPICIOUS_MOVE = YES;
				CLANG_WARN_UNGUARDED_AVAILABILITY = YES_AGGRESSIVE;
				CLANG_WARN_UNREACHABLE_CODE = YES;
				CLANG_WARN__DUPLICATE_METHOD_MATCH = YES;
				COPY_PHASE_STRIP = NO;
				DEBUG_INFORMATION_FORMAT = dwarf;
				ENABLE_STRICT_OBJC_MSGSEND = YES;
				ENABLE_TESTABILITY = YES;
				GCC_C_LANGUAGE_STANDARD = gnu11;
				GCC_DYNAMIC_NO_PIC = NO;
				GCC_NO_COMMON_BLOCKS = YES;
				GCC_OPTIMIZATION_LEVEL = 0;
				GCC_PREPROCESSOR_DEFINITIONS = (
					"DEBUG=1",
					"$(inherited)",
				);
				GCC_WARN_64_TO_32_BIT_CONVERSION = YES;
				GCC_WARN_ABOUT_RETURN_TYPE = YES_ERROR;
				GCC_WARN_UNDECLARED_SELECTOR = YES;
				GCC_WARN_UNINITIALIZED_AUTOS = YES_AGGRESSIVE;
				GCC_WARN_UNUSED_FUNCTION = YES;
				GCC_WARN_UNUSED_VARIABLE = YES;
				IPHONEOS_DEPLOYMENT_TARGET = 14.3;
				MTL_ENABLE_DEBUG_INFO = INCLUDE_SOURCE;
				MTL_FAST_MATH = YES;
				ONLY_ACTIVE_ARCH = YES;
				SDKROOT = iphoneos;
				SWIFT_ACTIVE_COMPILATION_CONDITIONS = DEBUG;
				SWIFT_OPTIMIZATION_LEVEL = "-Onone";
			};
			name = Debug;
		};
		CBC409FB25B0D0CE00E52F55 /* Release */ = {
			isa = XCBuildConfiguration;
			buildSettings = {
				ALWAYS_SEARCH_USER_PATHS = NO;
				CLANG_ANALYZER_NONNULL = YES;
				CLANG_ANALYZER_NUMBER_OBJECT_CONVERSION = YES_AGGRESSIVE;
				CLANG_CXX_LANGUAGE_STANDARD = "gnu++14";
				CLANG_CXX_LIBRARY = "libc++";
				CLANG_ENABLE_MODULES = YES;
				CLANG_ENABLE_OBJC_ARC = YES;
				CLANG_ENABLE_OBJC_WEAK = YES;
				CLANG_WARN_BLOCK_CAPTURE_AUTORELEASING = YES;
				CLANG_WARN_BOOL_CONVERSION = YES;
				CLANG_WARN_COMMA = YES;
				CLANG_WARN_CONSTANT_CONVERSION = YES;
				CLANG_WARN_DEPRECATED_OBJC_IMPLEMENTATIONS = YES;
				CLANG_WARN_DIRECT_OBJC_ISA_USAGE = YES_ERROR;
				CLANG_WARN_DOCUMENTATION_COMMENTS = YES;
				CLANG_WARN_EMPTY_BODY = YES;
				CLANG_WARN_ENUM_CONVERSION = YES;
				CLANG_WARN_INFINITE_RECURSION = YES;
				CLANG_WARN_INT_CONVERSION = YES;
				CLANG_WARN_NON_LITERAL_NULL_CONVERSION = YES;
				CLANG_WARN_OBJC_IMPLICIT_RETAIN_SELF = YES;
				CLANG_WARN_OBJC_LITERAL_CONVERSION = YES;
				CLANG_WARN_OBJC_ROOT_CLASS = YES_ERROR;
				CLANG_WARN_QUOTED_INCLUDE_IN_FRAMEWORK_HEADER = YES;
				CLANG_WARN_RANGE_LOOP_ANALYSIS = YES;
				CLANG_WARN_STRICT_PROTOTYPES = YES;
				CLANG_WARN_SUSPICIOUS_MOVE = YES;
				CLANG_WARN_UNGUARDED_AVAILABILITY = YES_AGGRESSIVE;
				CLANG_WARN_UNREACHABLE_CODE = YES;
				CLANG_WARN__DUPLICATE_METHOD_MATCH = YES;
				COPY_PHASE_STRIP = NO;
				DEBUG_INFORMATION_FORMAT = "dwarf-with-dsym";
				ENABLE_NS_ASSERTIONS = NO;
				ENABLE_STRICT_OBJC_MSGSEND = YES;
				GCC_C_LANGUAGE_STANDARD = gnu11;
				GCC_NO_COMMON_BLOCKS = YES;
				GCC_WARN_64_TO_32_BIT_CONVERSION = YES;
				GCC_WARN_ABOUT_RETURN_TYPE = YES_ERROR;
				GCC_WARN_UNDECLARED_SELECTOR = YES;
				GCC_WARN_UNINITIALIZED_AUTOS = YES_AGGRESSIVE;
				GCC_WARN_UNUSED_FUNCTION = YES;
				GCC_WARN_UNUSED_VARIABLE = YES;
				IPHONEOS_DEPLOYMENT_TARGET = 14.3;
				MTL_ENABLE_DEBUG_INFO = NO;
				MTL_FAST_MATH = YES;
				SDKROOT = iphoneos;
				SWIFT_COMPILATION_MODE = wholemodule;
				SWIFT_OPTIMIZATION_LEVEL = "-O";
				VALIDATE_PRODUCT = YES;
			};
			name = Release;
		};
		CBC409FD25B0D0CE00E52F55 /* Debug */ = {
			isa = XCBuildConfiguration;
			buildSettings = {
				ASSETCATALOG_COMPILER_APPICON_NAME = AppIcon;
				ASSETCATALOG_COMPILER_GLOBAL_ACCENT_COLOR_NAME = AccentColor;
				CODE_SIGN_STYLE = Automatic;
				INFOPLIST_FILE = Prework/Info.plist;
				LD_RUNPATH_SEARCH_PATHS = (
					"$(inherited)",
					"@executable_path/Frameworks",
				);
				PRODUCT_BUNDLE_IDENTIFIER = memo.com.Prework;
				PRODUCT_NAME = "$(TARGET_NAME)";
				SWIFT_VERSION = 5.0;
				TARGETED_DEVICE_FAMILY = "1,2";
			};
			name = Debug;
		};
		CBC409FE25B0D0CE00E52F55 /* Release */ = {
			isa = XCBuildConfiguration;
			buildSettings = {
				ASSETCATALOG_COMPILER_APPICON_NAME = AppIcon;
				ASSETCATALOG_COMPILER_GLOBAL_ACCENT_COLOR_NAME = AccentColor;
				CODE_SIGN_STYLE = Automatic;
				INFOPLIST_FILE = Prework/Info.plist;
				LD_RUNPATH_SEARCH_PATHS = (
					"$(inherited)",
					"@executable_path/Frameworks",
				);
				PRODUCT_BUNDLE_IDENTIFIER = memo.com.Prework;
				PRODUCT_NAME = "$(TARGET_NAME)";
				SWIFT_VERSION = 5.0;
				TARGETED_DEVICE_FAMILY = "1,2";
			};
			name = Release;
		};
		CBC40A0025B0D0CE00E52F55 /* Debug */ = {
			isa = XCBuildConfiguration;
			buildSettings = {
				ALWAYS_EMBED_SWIFT_STANDARD_LIBRARIES = YES;
				BUNDLE_LOADER = "$(TEST_HOST)";
				CODE_SIGN_STYLE = Automatic;
				INFOPLIST_FILE = PreworkTests/Info.plist;
				IPHONEOS_DEPLOYMENT_TARGET = 14.3;
				LD_RUNPATH_SEARCH_PATHS = (
					"$(inherited)",
					"@executable_path/Frameworks",
					"@loader_path/Frameworks",
				);
				PRODUCT_BUNDLE_IDENTIFIER = memo.com.PreworkTests;
				PRODUCT_NAME = "$(TARGET_NAME)";
				SWIFT_VERSION = 5.0;
				TARGETED_DEVICE_FAMILY = "1,2";
				TEST_HOST = "$(BUILT_PRODUCTS_DIR)/Prework.app/Prework";
			};
			name = Debug;
		};
		CBC40A0125B0D0CE00E52F55 /* Release */ = {
			isa = XCBuildConfiguration;
			buildSettings = {
				ALWAYS_EMBED_SWIFT_STANDARD_LIBRARIES = YES;
				BUNDLE_LOADER = "$(TEST_HOST)";
				CODE_SIGN_STYLE = Automatic;
				INFOPLIST_FILE = PreworkTests/Info.plist;
				IPHONEOS_DEPLOYMENT_TARGET = 14.3;
				LD_RUNPATH_SEARCH_PATHS = (
					"$(inherited)",
					"@executable_path/Frameworks",
					"@loader_path/Frameworks",
				);
				PRODUCT_BUNDLE_IDENTIFIER = memo.com.PreworkTests;
				PRODUCT_NAME = "$(TARGET_NAME)";
				SWIFT_VERSION = 5.0;
				TARGETED_DEVICE_FAMILY = "1,2";
				TEST_HOST = "$(BUILT_PRODUCTS_DIR)/Prework.app/Prework";
			};
			name = Release;
		};
		CBC40A0325B0D0CE00E52F55 /* Debug */ = {
			isa = XCBuildConfiguration;
			buildSettings = {
				ALWAYS_EMBED_SWIFT_STANDARD_LIBRARIES = YES;
				CODE_SIGN_STYLE = Automatic;
				INFOPLIST_FILE = PreworkUITests/Info.plist;
				LD_RUNPATH_SEARCH_PATHS = (
					"$(inherited)",
					"@executable_path/Frameworks",
					"@loader_path/Frameworks",
				);
				PRODUCT_BUNDLE_IDENTIFIER = memo.com.PreworkUITests;
				PRODUCT_NAME = "$(TARGET_NAME)";
				SWIFT_VERSION = 5.0;
				TARGETED_DEVICE_FAMILY = "1,2";
				TEST_TARGET_NAME = Prework;
			};
			name = Debug;
		};
		CBC40A0425B0D0CE00E52F55 /* Release */ = {
			isa = XCBuildConfiguration;
			buildSettings = {
				ALWAYS_EMBED_SWIFT_STANDARD_LIBRARIES = YES;
				CODE_SIGN_STYLE = Automatic;
				INFOPLIST_FILE = PreworkUITests/Info.plist;
				LD_RUNPATH_SEARCH_PATHS = (
					"$(inherited)",
					"@executable_path/Frameworks",
					"@loader_path/Frameworks",
				);
				PRODUCT_BUNDLE_IDENTIFIER = memo.com.PreworkUITests;
				PRODUCT_NAME = "$(TARGET_NAME)";
				SWIFT_VERSION = 5.0;
				TARGETED_DEVICE_FAMILY = "1,2";
				TEST_TARGET_NAME = Prework;
			};
			name = Release;
		};
/* End XCBuildConfiguration section */

/* Begin XCConfigurationList section */
		CBC409CD25B0D0C500E52F55 /* Build configuration list for PBXProject "Prework" */ = {
			isa = XCConfigurationList;
			buildConfigurations = (
				CBC409FA25B0D0CE00E52F55 /* Debug */,
				CBC409FB25B0D0CE00E52F55 /* Release */,
			);
			defaultConfigurationIsVisible = 0;
			defaultConfigurationName = Release;
		};
		CBC409FC25B0D0CE00E52F55 /* Build configuration list for PBXNativeTarget "Prework" */ = {
			isa = XCConfigurationList;
			buildConfigurations = (
				CBC409FD25B0D0CE00E52F55 /* Debug */,
				CBC409FE25B0D0CE00E52F55 /* Release */,
			);
			defaultConfigurationIsVisible = 0;
			defaultConfigurationName = Release;
		};
		CBC409FF25B0D0CE00E52F55 /* Build configuration list for PBXNativeTarget "PreworkTests" */ = {
			isa = XCConfigurationList;
			buildConfigurations = (
				CBC40A0025B0D0CE00E52F55 /* Debug */,
				CBC40A0125B0D0CE00E52F55 /* Release */,
			);
			defaultConfigurationIsVisible = 0;
			defaultConfigurationName = Release;
		};
		CBC40A0225B0D0CE00E52F55 /* Build configuration list for PBXNativeTarget "PreworkUITests" */ = {
			isa = XCConfigurationList;
			buildConfigurations = (
				CBC40A0325B0D0CE00E52F55 /* Debug */,
				CBC40A0425B0D0CE00E52F55 /* Release */,
			);
			defaultConfigurationIsVisible = 0;
			defaultConfigurationName = Release;
		};
/* End XCConfigurationList section */
	};
	rootObject = CBC409CA25B0D0C500E52F55 /* Project object */;
}
